
Microsoft Visual Studio Solution File, Format Version 12.00
# Visual Studio Version 17
VisualStudioVersion = 17.8.34408.163
MinimumVisualStudioVersion = 10.0.40219.1
Project("{FAE04EC0-301F-11D3-BF4B-00C04F79EFBC}") = "Test-Web-API", "Test-Web-API\Test-Web-API.csproj", "{9C1EDABF-0EA5-497E-A6C6-E1358DD9E850}"
EndProject
Global
	GlobalSection(SolutionConfigurationPlatforms) = preSolution
		Debug|Any CPU = Debug|Any CPU
		Release|Any CPU = Release|Any CPU
	EndGlobalSection
	GlobalSection(ProjectConfigurationPlatforms) = postSolution
		{9C1EDABF-0EA5-497E-A6C6-E1358DD9E850}.Debug|Any CPU.ActiveCfg = Debug|Any CPU
		{9C1EDABF-0EA5-497E-A6C6-E1358DD9E850}.Debug|Any CPU.Build.0 = Debug|Any CPU
		{9C1EDABF-0EA5-497E-A6C6-E1358DD9E850}.Release|Any CPU.ActiveCfg = Release|Any CPU
		{9C1EDABF-0EA5-497E-A6C6-E1358DD9E850}.Release|Any CPU.Build.0 = Release|Any CPU
	EndGlobalSection
	GlobalSection(SolutionProperties) = preSolution
		HideSolutionNode = FALSE
	EndGlobalSection
	GlobalSection(ExtensibilityGlobals) = postSolution
		SolutionGuid = {51DF0C9B-C0A9-4A7D-8CA1-58107050885D}
	EndGlobalSection
EndGlobal
